random_integer.random: Refreshing state... [id=72]
module.vpc.aws_vpc.this[0]: Refreshing state... [id=vpc-0781331e112daffb2]
aws_security_group.allow_http: Refreshing state... [id=sg-08bbf6404a2799238]
aws_instance.web[0]: Refreshing state... [id=i-006083e639cc682c9]
aws_instance.web[1]: Refreshing state... [id=i-09e9384397a5a78f7]
aws_instance.web[2]: Refreshing state... [id=i-005ed9665dfa4b01f]
aws_instance.web[3]: Refreshing state... [id=i-0c9d8b9cf40686f2f]
module.vpc.aws_route_table.private[1]: Refreshing state... [id=rtb-0b8f12639693aa4a9]
module.vpc.aws_route_table.private[2]: Refreshing state... [id=rtb-056a90216404c782e]
module.vpc.aws_route_table.private[0]: Refreshing state... [id=rtb-0556b6ab90c985433]
module.vpc.aws_route_table.public[0]: Refreshing state... [id=rtb-0b9ef7f4f04d1b5d4]
module.vpc.aws_subnet.public[0]: Refreshing state... [id=subnet-0862a309ca6536a7c]
module.vpc.aws_subnet.public[2]: Refreshing state... [id=subnet-0065a4ed65520c15d]
module.vpc.aws_subnet.public[1]: Refreshing state... [id=subnet-06ea9a11deb346121]
module.vpc.aws_subnet.private[1]: Refreshing state... [id=subnet-033c4da342f114998]
module.vpc.aws_subnet.private[0]: Refreshing state... [id=subnet-0660e4dcba96fec60]
module.vpc.aws_subnet.private[2]: Refreshing state... [id=subnet-0a6cf7ac532aa0f58]
module.vpc.aws_internet_gateway.this[0]: Refreshing state... [id=igw-0b59682db0be3fbc3]
module.vpc.aws_route_table_association.public[0]: Refreshing state... [id=rtbassoc-05ee08dcf36b67ad0]
module.vpc.aws_route_table_association.public[1]: Refreshing state... [id=rtbassoc-0b5571ec2ccf92a7b]
module.vpc.aws_route_table_association.public[2]: Refreshing state... [id=rtbassoc-000389a679fafe475]
module.vpc.aws_route_table_association.private[1]: Refreshing state... [id=rtbassoc-0e2172b5c158bce1d]
module.vpc.aws_route_table_association.private[0]: Refreshing state... [id=rtbassoc-0765aa907431be55c]
module.vpc.aws_route_table_association.private[2]: Refreshing state... [id=rtbassoc-009664bd38007b2c2]
module.vpc.aws_route.public_internet_gateway[0]: Refreshing state... [id=r-rtb-0b9ef7f4f04d1b5d41080289494]

Note: Objects have changed outside of Terraform

Terraform detected the following changes made outside of Terraform since the
last "terraform apply":

  # module.vpc.aws_route_table.public[0] has changed
  ~ resource "aws_route_table" "public" {
        id               = "rtb-0b9ef7f4f04d1b5d4"
      ~ route            = [
          + {
              + carrier_gateway_id         = ""
              + cidr_block                 = "0.0.0.0/0"
              + destination_prefix_list_id = ""
              + egress_only_gateway_id     = ""
              + gateway_id                 = "igw-0b59682db0be3fbc3"
              + instance_id                = ""
              + ipv6_cidr_block            = ""
              + local_gateway_id           = ""
              + nat_gateway_id             = ""
              + network_interface_id       = ""
              + transit_gateway_id         = ""
              + vpc_endpoint_id            = ""
              + vpc_peering_connection_id  = ""
            },
        ]
        tags             = {
            "Name" = "my-vpc-public"
        }
        # (5 unchanged attributes hidden)
    }


Unless you have made equivalent changes to your configuration, or ignored the
relevant attributes using ignore_changes, the following plan may include
actions to undo or respond to these changes.

─────────────────────────────────────────────────────────────────────────────

Terraform used the selected providers to generate the following execution
plan. Resource actions are indicated with the following symbols:
  + create
  - destroy

Terraform will perform the following actions:

  # aws_instance.web[0] will be destroyed
  # (because resource does not use count)
  - resource "aws_instance" "web" {
      - ami                                  = (sensitive) -> null
      - arn                                  = "arn:aws:ec2:us-east-1:983686546177:instance/i-006083e639cc682c9" -> null
      - associate_public_ip_address          = true -> null
      - availability_zone                    = "us-east-1c" -> null
      - cpu_core_count                       = 1 -> null
      - cpu_threads_per_core                 = 2 -> null
      - disable_api_termination              = false -> null
      - ebs_optimized                        = false -> null
      - get_password_data                    = false -> null
      - hibernation                          = false -> null
      - iam_instance_profile                 = "" -> null
      - id                                   = "i-006083e639cc682c9" -> null
      - instance_initiated_shutdown_behavior = "stop" -> null
      - instance_state                       = "running" -> null
      - instance_type                        = "t3.micro" -> null
      - ipv6_address_count                   = 0 -> null
      - ipv6_addresses                       = [] -> null
      - key_name                             = "" -> null
      - monitoring                           = false -> null
      - outpost_arn                          = "" -> null
      - password_data                        = "" -> null
      - placement_group                      = "" -> null
      - primary_network_interface_id         = "eni-0f927f3695d072716" -> null
      - private_dns                          = "ip-172-31-86-156.ec2.internal" -> null
      - private_ip                           = "172.31.86.156" -> null
      - public_dns                           = "ec2-54-173-244-13.compute-1.amazonaws.com" -> null
      - public_ip                            = "54.173.244.13" -> null
      - secondary_private_ips                = [] -> null
      - security_groups                      = [
          - "allow_http",
        ] -> null
      - source_dest_check                    = true -> null
      - subnet_id                            = "subnet-05c6727791264d0a3" -> null
      - tags                                 = {} -> null
      - tags_all                             = {
          - "ado"                     = "jude"
          - "application"             = "http"
          - "application_ower"        = "j.nfor@yahoo.co"
          - "builder"                 = "ngumjude@gmail.com"
          - "cell_name"               = "WEB"
          - "component_name"          = "IAC-TERRAFORM-REPO"
          - "line_of_business"        = "hospital"
          - "operational_environment" = "DEFAULT"
          - "tech_poc_primary"        = "ngumjuden1234@gmail.com"
          - "tech_poc_secondary"      = "nngumjude@gmail.com"
          - "tier"                    = "web"
          - "vpc"                     = "WEB"
        } -> null
      - tenancy                              = "default" -> null
      - user_data                            = "d2ac5c0fa47125859b1e1f3cf8f8e3eba869b5b1" -> null
      - vpc_security_group_ids               = [
          - "sg-08bbf6404a2799238",
        ] -> null

      - capacity_reservation_specification {
          - capacity_reservation_preference = "open" -> null
        }

      - credit_specification {
          - cpu_credits = "unlimited" -> null
        }

      - enclave_options {
          - enabled = false -> null
        }

      - metadata_options {
          - http_endpoint               = "enabled" -> null
          - http_put_response_hop_limit = 1 -> null
          - http_tokens                 = "optional" -> null
          - instance_metadata_tags      = "disabled" -> null
        }

      - root_block_device {
          - delete_on_termination = true -> null
          - device_name           = "/dev/xvda" -> null
          - encrypted             = false -> null
          - iops                  = 100 -> null
          - tags                  = {} -> null
          - throughput            = 0 -> null
          - volume_id             = "vol-0473fdd396c6cfcb8" -> null
          - volume_size           = 8 -> null
          - volume_type           = "gp2" -> null
        }
    }

  # aws_instance.web[1] will be destroyed
  # (because resource does not use count)
  - resource "aws_instance" "web" {
      - ami                                  = (sensitive) -> null
      - arn                                  = "arn:aws:ec2:us-east-1:983686546177:instance/i-09e9384397a5a78f7" -> null
      - associate_public_ip_address          = true -> null
      - availability_zone                    = "us-east-1c" -> null
      - cpu_core_count                       = 1 -> null
      - cpu_threads_per_core                 = 2 -> null
      - disable_api_termination              = false -> null
      - ebs_optimized                        = false -> null
      - get_password_data                    = false -> null
      - hibernation                          = false -> null
      - iam_instance_profile                 = "" -> null
      - id                                   = "i-09e9384397a5a78f7" -> null
      - instance_initiated_shutdown_behavior = "stop" -> null
      - instance_state                       = "running" -> null
      - instance_type                        = "t3.micro" -> null
      - ipv6_address_count                   = 0 -> null
      - ipv6_addresses                       = [] -> null
      - key_name                             = "" -> null
      - monitoring                           = false -> null
      - outpost_arn                          = "" -> null
      - password_data                        = "" -> null
      - placement_group                      = "" -> null
      - primary_network_interface_id         = "eni-0576c2ace2ee30d16" -> null
      - private_dns                          = "ip-172-31-93-92.ec2.internal" -> null
      - private_ip                           = "172.31.93.92" -> null
      - public_dns                           = "ec2-3-94-79-158.compute-1.amazonaws.com" -> null
      - public_ip                            = "3.94.79.158" -> null
      - secondary_private_ips                = [] -> null
      - security_groups                      = [
          - "allow_http",
        ] -> null
      - source_dest_check                    = true -> null
      - subnet_id                            = "subnet-05c6727791264d0a3" -> null
      - tags                                 = {} -> null
      - tags_all                             = {
          - "ado"                     = "jude"
          - "application"             = "http"
          - "application_ower"        = "j.nfor@yahoo.co"
          - "builder"                 = "ngumjude@gmail.com"
          - "cell_name"               = "WEB"
          - "component_name"          = "IAC-TERRAFORM-REPO"
          - "line_of_business"        = "hospital"
          - "operational_environment" = "DEFAULT"
          - "tech_poc_primary"        = "ngumjuden1234@gmail.com"
          - "tech_poc_secondary"      = "nngumjude@gmail.com"
          - "tier"                    = "web"
          - "vpc"                     = "WEB"
        } -> null
      - tenancy                              = "default" -> null
      - user_data                            = "d2ac5c0fa47125859b1e1f3cf8f8e3eba869b5b1" -> null
      - vpc_security_group_ids               = [
          - "sg-08bbf6404a2799238",
        ] -> null

      - capacity_reservation_specification {
          - capacity_reservation_preference = "open" -> null
        }

      - credit_specification {
          - cpu_credits = "unlimited" -> null
        }

      - enclave_options {
          - enabled = false -> null
        }

      - metadata_options {
          - http_endpoint               = "enabled" -> null
          - http_put_response_hop_limit = 1 -> null
          - http_tokens                 = "optional" -> null
          - instance_metadata_tags      = "disabled" -> null
        }

      - root_block_device {
          - delete_on_termination = true -> null
          - device_name           = "/dev/xvda" -> null
          - encrypted             = false -> null
          - iops                  = 100 -> null
          - tags                  = {} -> null
          - throughput            = 0 -> null
          - volume_id             = "vol-00547c635974878db" -> null
          - volume_size           = 8 -> null
          - volume_type           = "gp2" -> null
        }
    }

  # aws_instance.web[2] will be destroyed
  # (because resource does not use count)
  - resource "aws_instance" "web" {
      - ami                                  = (sensitive) -> null
      - arn                                  = "arn:aws:ec2:us-east-1:983686546177:instance/i-005ed9665dfa4b01f" -> null
      - associate_public_ip_address          = true -> null
      - availability_zone                    = "us-east-1c" -> null
      - cpu_core_count                       = 1 -> null
      - cpu_threads_per_core                 = 2 -> null
      - disable_api_termination              = false -> null
      - ebs_optimized                        = false -> null
      - get_password_data                    = false -> null
      - hibernation                          = false -> null
      - iam_instance_profile                 = "" -> null
      - id                                   = "i-005ed9665dfa4b01f" -> null
      - instance_initiated_shutdown_behavior = "stop" -> null
      - instance_state                       = "running" -> null
      - instance_type                        = "t3.micro" -> null
      - ipv6_address_count                   = 0 -> null
      - ipv6_addresses                       = [] -> null
      - key_name                             = "" -> null
      - monitoring                           = false -> null
      - outpost_arn                          = "" -> null
      - password_data                        = "" -> null
      - placement_group                      = "" -> null
      - primary_network_interface_id         = "eni-0671fa298282c5d3c" -> null
      - private_dns                          = "ip-172-31-82-32.ec2.internal" -> null
      - private_ip                           = "172.31.82.32" -> null
      - public_dns                           = "ec2-3-82-117-173.compute-1.amazonaws.com" -> null
      - public_ip                            = "3.82.117.173" -> null
      - secondary_private_ips                = [] -> null
      - security_groups                      = [
          - "allow_http",
        ] -> null
      - source_dest_check                    = true -> null
      - subnet_id                            = "subnet-05c6727791264d0a3" -> null
      - tags                                 = {} -> null
      - tags_all                             = {
          - "ado"                     = "jude"
          - "application"             = "http"
          - "application_ower"        = "j.nfor@yahoo.co"
          - "builder"                 = "ngumjude@gmail.com"
          - "cell_name"               = "WEB"
          - "component_name"          = "IAC-TERRAFORM-REPO"
          - "line_of_business"        = "hospital"
          - "operational_environment" = "DEFAULT"
          - "tech_poc_primary"        = "ngumjuden1234@gmail.com"
          - "tech_poc_secondary"      = "nngumjude@gmail.com"
          - "tier"                    = "web"
          - "vpc"                     = "WEB"
        } -> null
      - tenancy                              = "default" -> null
      - user_data                            = "d2ac5c0fa47125859b1e1f3cf8f8e3eba869b5b1" -> null
      - vpc_security_group_ids               = [
          - "sg-08bbf6404a2799238",
        ] -> null

      - capacity_reservation_specification {
          - capacity_reservation_preference = "open" -> null
        }

      - credit_specification {
          - cpu_credits = "unlimited" -> null
        }

      - enclave_options {
          - enabled = false -> null
        }

      - metadata_options {
          - http_endpoint               = "enabled" -> null
          - http_put_response_hop_limit = 1 -> null
          - http_tokens                 = "optional" -> null
          - instance_metadata_tags      = "disabled" -> null
        }

      - root_block_device {
          - delete_on_termination = true -> null
          - device_name           = "/dev/xvda" -> null
          - encrypted             = false -> null
          - iops                  = 100 -> null
          - tags                  = {} -> null
          - throughput            = 0 -> null
          - volume_id             = "vol-06a4fed3244e3a903" -> null
          - volume_size           = 8 -> null
          - volume_type           = "gp2" -> null
        }
    }

  # aws_instance.web[3] will be destroyed
  # (because resource does not use count)
  - resource "aws_instance" "web" {
      - ami                                  = (sensitive) -> null
      - arn                                  = "arn:aws:ec2:us-east-1:983686546177:instance/i-0c9d8b9cf40686f2f" -> null
      - associate_public_ip_address          = true -> null
      - availability_zone                    = "us-east-1c" -> null
      - cpu_core_count                       = 1 -> null
      - cpu_threads_per_core                 = 2 -> null
      - disable_api_termination              = false -> null
      - ebs_optimized                        = false -> null
      - get_password_data                    = false -> null
      - hibernation                          = false -> null
      - iam_instance_profile                 = "" -> null
      - id                                   = "i-0c9d8b9cf40686f2f" -> null
      - instance_initiated_shutdown_behavior = "stop" -> null
      - instance_state                       = "running" -> null
      - instance_type                        = "t3.micro" -> null
      - ipv6_address_count                   = 0 -> null
      - ipv6_addresses                       = [] -> null
      - key_name                             = "" -> null
      - monitoring                           = false -> null
      - outpost_arn                          = "" -> null
      - password_data                        = "" -> null
      - placement_group                      = "" -> null
      - primary_network_interface_id         = "eni-0461fe0d975be7ca2" -> null
      - private_dns                          = "ip-172-31-82-63.ec2.internal" -> null
      - private_ip                           = "172.31.82.63" -> null
      - public_dns                           = "ec2-44-203-142-79.compute-1.amazonaws.com" -> null
      - public_ip                            = "44.203.142.79" -> null
      - secondary_private_ips                = [] -> null
      - security_groups                      = [
          - "allow_http",
        ] -> null
      - source_dest_check                    = true -> null
      - subnet_id                            = "subnet-05c6727791264d0a3" -> null
      - tags                                 = {} -> null
      - tags_all                             = {
          - "ado"                     = "jude"
          - "application"             = "http"
          - "application_ower"        = "j.nfor@yahoo.co"
          - "builder"                 = "ngumjude@gmail.com"
          - "cell_name"               = "WEB"
          - "component_name"          = "IAC-TERRAFORM-REPO"
          - "line_of_business"        = "hospital"
          - "operational_environment" = "DEFAULT"
          - "tech_poc_primary"        = "ngumjuden1234@gmail.com"
          - "tech_poc_secondary"      = "nngumjude@gmail.com"
          - "tier"                    = "web"
          - "vpc"                     = "WEB"
        } -> null
      - tenancy                              = "default" -> null
      - user_data                            = "d2ac5c0fa47125859b1e1f3cf8f8e3eba869b5b1" -> null
      - vpc_security_group_ids               = [
          - "sg-08bbf6404a2799238",
        ] -> null

      - capacity_reservation_specification {
          - capacity_reservation_preference = "open" -> null
        }

      - credit_specification {
          - cpu_credits = "unlimited" -> null
        }

      - enclave_options {
          - enabled = false -> null
        }

      - metadata_options {
          - http_endpoint               = "enabled" -> null
          - http_put_response_hop_limit = 1 -> null
          - http_tokens                 = "optional" -> null
          - instance_metadata_tags      = "disabled" -> null
        }

      - root_block_device {
          - delete_on_termination = true -> null
          - device_name           = "/dev/xvda" -> null
          - encrypted             = false -> null
          - iops                  = 100 -> null
          - tags                  = {} -> null
          - throughput            = 0 -> null
          - volume_id             = "vol-05c6895ae1035b125" -> null
          - volume_size           = 8 -> null
          - volume_type           = "gp2" -> null
        }
    }

  # aws_instance.web["t2.micro"] will be created
  + resource "aws_instance" "web" {
      + ami                                  = (sensitive)
      + arn                                  = (known after apply)
      + associate_public_ip_address          = true
      + availability_zone                    = (known after apply)
      + cpu_core_count                       = (known after apply)
      + cpu_threads_per_core                 = (known after apply)
      + disable_api_termination              = (known after apply)
      + ebs_optimized                        = (known after apply)
      + get_password_data                    = false
      + host_id                              = (known after apply)
      + id                                   = (known after apply)
      + instance_initiated_shutdown_behavior = (known after apply)
      + instance_state                       = (known after apply)
      + instance_type                        = "t2.micro"
      + ipv6_address_count                   = (known after apply)
      + ipv6_addresses                       = (known after apply)
      + key_name                             = (known after apply)
      + monitoring                           = (known after apply)
      + outpost_arn                          = (known after apply)
      + password_data                        = (known after apply)
      + placement_group                      = (known after apply)
      + placement_partition_number           = (known after apply)
      + primary_network_interface_id         = (known after apply)
      + private_dns                          = (known after apply)
      + private_ip                           = (known after apply)
      + public_dns                           = (known after apply)
      + public_ip                            = (known after apply)
      + secondary_private_ips                = (known after apply)
      + security_groups                      = (known after apply)
      + source_dest_check                    = true
      + subnet_id                            = (known after apply)
      + tags_all                             = {
          + "ado"                     = "jude"
          + "application"             = "http"
          + "application_ower"        = "j.nfor@yahoo.co"
          + "builder"                 = "ngumjude@gmail.com"
          + "cell_name"               = "WEB"
          + "component_name"          = "IAC-TERRAFORM-REPO"
          + "line_of_business"        = "hospital"
          + "operational_environment" = "DEFAULT"
          + "tech_poc_primary"        = "ngumjuden1234@gmail.com"
          + "tech_poc_secondary"      = "nngumjude@gmail.com"
          + "tier"                    = "web"
          + "vpc"                     = "WEB"
        }
      + tenancy                              = (known after apply)
      + user_data                            = "d2ac5c0fa47125859b1e1f3cf8f8e3eba869b5b1"
      + user_data_base64                     = (known after apply)
      + vpc_security_group_ids               = [
          + "sg-08bbf6404a2799238",
        ]

      + capacity_reservation_specification {
          + capacity_reservation_preference = (known after apply)

          + capacity_reservation_target {
              + capacity_reservation_id = (known after apply)
            }
        }

      + ebs_block_device {
          + delete_on_termination = (known after apply)
          + device_name           = (known after apply)
          + encrypted             = (known after apply)
          + iops                  = (known after apply)
          + kms_key_id            = (known after apply)
          + snapshot_id           = (known after apply)
          + tags                  = (known after apply)
          + throughput            = (known after apply)
          + volume_id             = (known after apply)
          + volume_size           = (known after apply)
          + volume_type           = (known after apply)
        }

      + enclave_options {
          + enabled = (known after apply)
        }

      + ephemeral_block_device {
          + device_name  = (known after apply)
          + no_device    = (known after apply)
          + virtual_name = (known after apply)
        }

      + metadata_options {
          + http_endpoint               = (known after apply)
          + http_put_response_hop_limit = (known after apply)
          + http_tokens                 = (known after apply)
          + instance_metadata_tags      = (known after apply)
        }

      + network_interface {
          + delete_on_termination = (known after apply)
          + device_index          = (known after apply)
          + network_interface_id  = (known after apply)
        }

      + root_block_device {
          + delete_on_termination = (known after apply)
          + device_name           = (known after apply)
          + encrypted             = (known after apply)
          + iops                  = (known after apply)
          + kms_key_id            = (known after apply)
          + tags                  = (known after apply)
          + throughput            = (known after apply)
          + volume_id             = (known after apply)
          + volume_size           = (known after apply)
          + volume_type           = (known after apply)
        }
    }

  # aws_instance.web["t3.micro"] will be created
  + resource "aws_instance" "web" {
      + ami                                  = (sensitive)
      + arn                                  = (known after apply)
      + associate_public_ip_address          = true
      + availability_zone                    = (known after apply)
      + cpu_core_count                       = (known after apply)
      + cpu_threads_per_core                 = (known after apply)
      + disable_api_termination              = (known after apply)
      + ebs_optimized                        = (known after apply)
      + get_password_data                    = false
      + host_id                              = (known after apply)
      + id                                   = (known after apply)
      + instance_initiated_shutdown_behavior = (known after apply)
      + instance_state                       = (known after apply)
      + instance_type                        = "t3.micro"
      + ipv6_address_count                   = (known after apply)
      + ipv6_addresses                       = (known after apply)
      + key_name                             = (known after apply)
      + monitoring                           = (known after apply)
      + outpost_arn                          = (known after apply)
      + password_data                        = (known after apply)
      + placement_group                      = (known after apply)
      + placement_partition_number           = (known after apply)
      + primary_network_interface_id         = (known after apply)
      + private_dns                          = (known after apply)
      + private_ip                           = (known after apply)
      + public_dns                           = (known after apply)
      + public_ip                            = (known after apply)
      + secondary_private_ips                = (known after apply)
      + security_groups                      = (known after apply)
      + source_dest_check                    = true
      + subnet_id                            = (known after apply)
      + tags_all                             = {
          + "ado"                     = "jude"
          + "application"             = "http"
          + "application_ower"        = "j.nfor@yahoo.co"
          + "builder"                 = "ngumjude@gmail.com"
          + "cell_name"               = "WEB"
          + "component_name"          = "IAC-TERRAFORM-REPO"
          + "line_of_business"        = "hospital"
          + "operational_environment" = "DEFAULT"
          + "tech_poc_primary"        = "ngumjuden1234@gmail.com"
          + "tech_poc_secondary"      = "nngumjude@gmail.com"
          + "tier"                    = "web"
          + "vpc"                     = "WEB"
        }
      + tenancy                              = (known after apply)
      + user_data                            = "d2ac5c0fa47125859b1e1f3cf8f8e3eba869b5b1"
      + user_data_base64                     = (known after apply)
      + vpc_security_group_ids               = [
          + "sg-08bbf6404a2799238",
        ]

      + capacity_reservation_specification {
          + capacity_reservation_preference = (known after apply)

          + capacity_reservation_target {
              + capacity_reservation_id = (known after apply)
            }
        }

      + ebs_block_device {
          + delete_on_termination = (known after apply)
          + device_name           = (known after apply)
          + encrypted             = (known after apply)
          + iops                  = (known after apply)
          + kms_key_id            = (known after apply)
          + snapshot_id           = (known after apply)
          + tags                  = (known after apply)
          + throughput            = (known after apply)
          + volume_id             = (known after apply)
          + volume_size           = (known after apply)
          + volume_type           = (known after apply)
        }

      + enclave_options {
          + enabled = (known after apply)
        }

      + ephemeral_block_device {
          + device_name  = (known after apply)
          + no_device    = (known after apply)
          + virtual_name = (known after apply)
        }

      + metadata_options {
          + http_endpoint               = (known after apply)
          + http_put_response_hop_limit = (known after apply)
          + http_tokens                 = (known after apply)
          + instance_metadata_tags      = (known after apply)
        }

      + network_interface {
          + delete_on_termination = (known after apply)
          + device_index          = (known after apply)
          + network_interface_id  = (known after apply)
        }

      + root_block_device {
          + delete_on_termination = (known after apply)
          + device_name           = (known after apply)
          + encrypted             = (known after apply)
          + iops                  = (known after apply)
          + kms_key_id            = (known after apply)
          + tags                  = (known after apply)
          + throughput            = (known after apply)
          + volume_id             = (known after apply)
          + volume_size           = (known after apply)
          + volume_type           = (known after apply)
        }
    }

Plan: 2 to add, 0 to change, 4 to destroy.

Changes to Outputs:
  - ec2_arn    = [
      - "arn:aws:ec2:us-east-1:983686546177:instance/i-006083e639cc682c9",
      - "arn:aws:ec2:us-east-1:983686546177:instance/i-09e9384397a5a78f7",
      - "arn:aws:ec2:us-east-1:983686546177:instance/i-005ed9665dfa4b01f",
      - "arn:aws:ec2:us-east-1:983686546177:instance/i-0c9d8b9cf40686f2f",
    ] -> null
  - public_ip  = [
      - "54.173.244.13",
      - "3.94.79.158",
      - "3.82.117.173",
      - "44.203.142.79",
    ] -> null
  - public_ip2 = [
      - [
          - "54.173.244.13",
          - "3.94.79.158",
          - "3.82.117.173",
          - "44.203.142.79",
        ],
    ] -> null
  - public_ip3 = [
      - "54.173.244.13",
      - "3.94.79.158",
    ] -> null

─────────────────────────────────────────────────────────────────────────────

Note: You didn't use the -out option to save this plan, so Terraform can't
guarantee to take exactly these actions if you run "terraform apply" now.
